PODS:
  - Kingfisher (3.10.3)
  - SnapKit (3.2.0)
  - UIColor_Hex_Swift (3.0.2)

DEPENDENCIES:
  - Kingfisher
  - SnapKit
  - UIColor_Hex_Swift

SPEC CHECKSUMS:
  Kingfisher: a0ac82dc5bcf0388dd74b294cf2cc13730c63436
  SnapKit: 1ca44df72cfa543218d177cb8aab029d10d86ea7
  UIColor_Hex_Swift: 95f718452092a3efc8a827dffd2c04d3237be02d

PODFILE CHECKSUM: dd02e31eae90798d4d05742b8f095acef76a9bd6

COCOAPODS: 1.2.1
