PODS:
  - Kingfisher (4.1.0)
  - SnapKit (4.0.0)
  - UIColor_Hex_Swift (4.0.0)

DEPENDENCIES:
  - Kingfisher (~> 4.1.0)
  - SnapKit (~> 4.0.0)
  - UIColor_Hex_Swift (from `https://github.com/yeahdongcn/UIColor-Hex-Swift`)

EXTERNAL SOURCES:
  UIColor_Hex_Swift:
    :git: https://github.com/yeahdongcn/UIColor-Hex-Swift

CHECKOUT OPTIONS:
  UIColor_Hex_Swift:
    :commit: 7b46ec7384204d53a42eb769de17198ccd9e196c
    :git: https://github.com/yeahdongcn/UIColor-Hex-Swift

SPEC CHECKSUMS:
  Kingfisher: f14df8cbe576bf55f211fa589e9869bceb4ea87d
  SnapKit: a42d492c16e80209130a3379f73596c3454b7694
  UIColor_Hex_Swift: a7b39ce3da75b7c187ede49b1664aeea1d441c20

PODFILE CHECKSUM: ff8e48777eac4d8f81b4feb60db7f5151d45061b

COCOAPODS: 1.2.1
