// !$*UTF8*$!
{
	archiveVersion = 1;
	classes = {
	};
	objectVersion = 46;
	objects = {

/* Begin PBXBuildFile section */
		592613EDE34D962135324F9A /* Pods_PlaygroundUITests.framework in Frameworks */ = {isa = PBXBuildFile; fileRef = 89808135EC8F955432F697FB /* Pods_PlaygroundUITests.framework */; };
		770C0BEEBF36CA4ACE5E46C2 /* Pods_Playground.framework in Frameworks */ = {isa = PBXBuildFile; fileRef = B463A97539606689CF1436E2 /* Pods_Playground.framework */; };
		B627AEF91F1AF9720096384B /* CTSourceController.swift in Sources */ = {isa = PBXBuildFile; fileRef = B627AEF81F1AF9720096384B /* CTSourceController.swift */; };
		B627AEFB1F1AFB800096384B /* CTTargetController.swift in Sources */ = {isa = PBXBuildFile; fileRef = B627AEFA1F1AFB800096384B /* CTTargetController.swift */; };
		B627AEFD1F1AFB940096384B /* CircularTransition.swift in Sources */ = {isa = PBXBuildFile; fileRef = B627AEFC1F1AFB940096384B /* CircularTransition.swift */; };
		B69916DD1F1AF25400B18D6B /* AppDelegate.swift in Sources */ = {isa = PBXBuildFile; fileRef = B69916DC1F1AF25400B18D6B /* AppDelegate.swift */; };
		B69916E41F1AF25400B18D6B /* Assets.xcassets in Resources */ = {isa = PBXBuildFile; fileRef = B69916E31F1AF25400B18D6B /* Assets.xcassets */; };
		B69916E71F1AF25400B18D6B /* LaunchScreen.storyboard in Resources */ = {isa = PBXBuildFile; fileRef = B69916E51F1AF25400B18D6B /* LaunchScreen.storyboard */; };
		B69916F21F1AF25400B18D6B /* PlaygroundTests.swift in Sources */ = {isa = PBXBuildFile; fileRef = B69916F11F1AF25400B18D6B /* PlaygroundTests.swift */; };
		B69916FD1F1AF25400B18D6B /* PlaygroundUITests.swift in Sources */ = {isa = PBXBuildFile; fileRef = B69916FC1F1AF25400B18D6B /* PlaygroundUITests.swift */; };
		B6A4B9541F1B5D210055BE5B /* SpeechController.swift in Sources */ = {isa = PBXBuildFile; fileRef = B6A4B9531F1B5D210055BE5B /* SpeechController.swift */; };
		B6AC81751F1AF3E200C35351 /* HomeController.swift in Sources */ = {isa = PBXBuildFile; fileRef = B6AC81741F1AF3E200C35351 /* HomeController.swift */; };
		B6DF5B871F1F8FB7007E1BD5 /* BarcodeScannerController.swift in Sources */ = {isa = PBXBuildFile; fileRef = B6DF5B861F1F8FB7007E1BD5 /* BarcodeScannerController.swift */; };
		EA3CBE0393CC801468EC3DFE /* Pods_PlaygroundTests.framework in Frameworks */ = {isa = PBXBuildFile; fileRef = CDB71D6574BC03FB42F9DBAB /* Pods_PlaygroundTests.framework */; };
/* End PBXBuildFile section */

/* Begin PBXContainerItemProxy section */
		B69916EE1F1AF25400B18D6B /* PBXContainerItemProxy */ = {
			isa = PBXContainerItemProxy;
			containerPortal = B69916D11F1AF25400B18D6B /* Project object */;
			proxyType = 1;
			remoteGlobalIDString = B69916D81F1AF25400B18D6B;
			remoteInfo = Playground;
		};
		B69916F91F1AF25400B18D6B /* PBXContainerItemProxy */ = {
			isa = PBXContainerItemProxy;
			containerPortal = B69916D11F1AF25400B18D6B /* Project object */;
			proxyType = 1;
			remoteGlobalIDString = B69916D81F1AF25400B18D6B;
			remoteInfo = Playground;
		};
/* End PBXContainerItemProxy section */

/* Begin PBXFileReference section */
		04AE1B18EA887CFBEC331008 /* Pods-Playground.debug.xcconfig */ = {isa = PBXFileReference; includeInIndex = 1; lastKnownFileType = text.xcconfig; name = "Pods-Playground.debug.xcconfig"; path = "Pods/Target Support Files/Pods-Playground/Pods-Playground.debug.xcconfig"; sourceTree = "<group>"; };
		49CD6BD1CE116EDCC029BF37 /* Pods-PlaygroundUITests.debug.xcconfig */ = {isa = PBXFileReference; includeInIndex = 1; lastKnownFileType = text.xcconfig; name = "Pods-PlaygroundUITests.debug.xcconfig"; path = "Pods/Target Support Files/Pods-PlaygroundUITests/Pods-PlaygroundUITests.debug.xcconfig"; sourceTree = "<group>"; };
		71BE5DDD6174E025F8DFE3B3 /* Pods-Playground.release.xcconfig */ = {isa = PBXFileReference; includeInIndex = 1; lastKnownFileType = text.xcconfig; name = "Pods-Playground.release.xcconfig"; path = "Pods/Target Support Files/Pods-Playground/Pods-Playground.release.xcconfig"; sourceTree = "<group>"; };
		74EBA4CE673843794BD31592 /* Pods-PlaygroundUITests.release.xcconfig */ = {isa = PBXFileReference; includeInIndex = 1; lastKnownFileType = text.xcconfig; name = "Pods-PlaygroundUITests.release.xcconfig"; path = "Pods/Target Support Files/Pods-PlaygroundUITests/Pods-PlaygroundUITests.release.xcconfig"; sourceTree = "<group>"; };
		7CDBA0931051740378A053A7 /* Pods-PlaygroundTests.debug.xcconfig */ = {isa = PBXFileReference; includeInIndex = 1; lastKnownFileType = text.xcconfig; name = "Pods-PlaygroundTests.debug.xcconfig"; path = "Pods/Target Support Files/Pods-PlaygroundTests/Pods-PlaygroundTests.debug.xcconfig"; sourceTree = "<group>"; };
		89808135EC8F955432F697FB /* Pods_PlaygroundUITests.framework */ = {isa = PBXFileReference; explicitFileType = wrapper.framework; includeInIndex = 0; path = Pods_PlaygroundUITests.framework; sourceTree = BUILT_PRODUCTS_DIR; };
		A7C3D9699915AB8DDE94DD21 /* Pods-PlaygroundTests.release.xcconfig */ = {isa = PBXFileReference; includeInIndex = 1; lastKnownFileType = text.xcconfig; name = "Pods-PlaygroundTests.release.xcconfig"; path = "Pods/Target Support Files/Pods-PlaygroundTests/Pods-PlaygroundTests.release.xcconfig"; sourceTree = "<group>"; };
		B463A97539606689CF1436E2 /* Pods_Playground.framework */ = {isa = PBXFileReference; explicitFileType = wrapper.framework; includeInIndex = 0; path = Pods_Playground.framework; sourceTree = BUILT_PRODUCTS_DIR; };
		B627AEF81F1AF9720096384B /* CTSourceController.swift */ = {isa = PBXFileReference; fileEncoding = 4; lastKnownFileType = sourcecode.swift; path = CTSourceController.swift; sourceTree = "<group>"; };
		B627AEFA1F1AFB800096384B /* CTTargetController.swift */ = {isa = PBXFileReference; fileEncoding = 4; lastKnownFileType = sourcecode.swift; path = CTTargetController.swift; sourceTree = "<group>"; };
		B627AEFC1F1AFB940096384B /* CircularTransition.swift */ = {isa = PBXFileReference; fileEncoding = 4; lastKnownFileType = sourcecode.swift; path = CircularTransition.swift; sourceTree = "<group>"; };
		B69916D91F1AF25400B18D6B /* Playground.app */ = {isa = PBXFileReference; explicitFileType = wrapper.application; includeInIndex = 0; path = Playground.app; sourceTree = BUILT_PRODUCTS_DIR; };
		B69916DC1F1AF25400B18D6B /* AppDelegate.swift */ = {isa = PBXFileReference; lastKnownFileType = sourcecode.swift; path = AppDelegate.swift; sourceTree = "<group>"; };
		B69916E31F1AF25400B18D6B /* Assets.xcassets */ = {isa = PBXFileReference; lastKnownFileType = folder.assetcatalog; path = Assets.xcassets; sourceTree = "<group>"; };
		B69916E61F1AF25400B18D6B /* Base */ = {isa = PBXFileReference; lastKnownFileType = file.storyboard; name = Base; path = Base.lproj/LaunchScreen.storyboard; sourceTree = "<group>"; };
		B69916E81F1AF25400B18D6B /* Info.plist */ = {isa = PBXFileReference; lastKnownFileType = text.plist.xml; path = Info.plist; sourceTree = "<group>"; };
		B69916ED1F1AF25400B18D6B /* PlaygroundTests.xctest */ = {isa = PBXFileReference; explicitFileType = wrapper.cfbundle; includeInIndex = 0; path = PlaygroundTests.xctest; sourceTree = BUILT_PRODUCTS_DIR; };
		B69916F11F1AF25400B18D6B /* PlaygroundTests.swift */ = {isa = PBXFileReference; lastKnownFileType = sourcecode.swift; path = PlaygroundTests.swift; sourceTree = "<group>"; };
		B69916F31F1AF25400B18D6B /* Info.plist */ = {isa = PBXFileReference; lastKnownFileType = text.plist.xml; path = Info.plist; sourceTree = "<group>"; };
		B69916F81F1AF25400B18D6B /* PlaygroundUITests.xctest */ = {isa = PBXFileReference; explicitFileType = wrapper.cfbundle; includeInIndex = 0; path = PlaygroundUITests.xctest; sourceTree = BUILT_PRODUCTS_DIR; };
		B69916FC1F1AF25400B18D6B /* PlaygroundUITests.swift */ = {isa = PBXFileReference; lastKnownFileType = sourcecode.swift; path = PlaygroundUITests.swift; sourceTree = "<group>"; };
		B69916FE1F1AF25400B18D6B /* Info.plist */ = {isa = PBXFileReference; lastKnownFileType = text.plist.xml; path = Info.plist; sourceTree = "<group>"; };
		B6A4B9531F1B5D210055BE5B /* SpeechController.swift */ = {isa = PBXFileReference; fileEncoding = 4; lastKnownFileType = sourcecode.swift; path = SpeechController.swift; sourceTree = "<group>"; };
		B6AC81741F1AF3E200C35351 /* HomeController.swift */ = {isa = PBXFileReference; lastKnownFileType = sourcecode.swift; path = HomeController.swift; sourceTree = "<group>"; };
		B6DF5B861F1F8FB7007E1BD5 /* BarcodeScannerController.swift */ = {isa = PBXFileReference; fileEncoding = 4; lastKnownFileType = sourcecode.swift; path = BarcodeScannerController.swift; sourceTree = "<group>"; };
		CDB71D6574BC03FB42F9DBAB /* Pods_PlaygroundTests.framework */ = {isa = PBXFileReference; explicitFileType = wrapper.framework; includeInIndex = 0; path = Pods_PlaygroundTests.framework; sourceTree = BUILT_PRODUCTS_DIR; };
/* End PBXFileReference section */

/* Begin PBXFrameworksBuildPhase section */
		B69916D61F1AF25400B18D6B /* Frameworks */ = {
			isa = PBXFrameworksBuildPhase;
			buildActionMask = 2147483647;
			files = (
				770C0BEEBF36CA4ACE5E46C2 /* Pods_Playground.framework in Frameworks */,
			);
			runOnlyForDeploymentPostprocessing = 0;
		};
		B69916EA1F1AF25400B18D6B /* Frameworks */ = {
			isa = PBXFrameworksBuildPhase;
			buildActionMask = 2147483647;
			files = (
				EA3CBE0393CC801468EC3DFE /* Pods_PlaygroundTests.framework in Frameworks */,
			);
			runOnlyForDeploymentPostprocessing = 0;
		};
		B69916F51F1AF25400B18D6B /* Frameworks */ = {
			isa = PBXFrameworksBuildPhase;
			buildActionMask = 2147483647;
			files = (
				592613EDE34D962135324F9A /* Pods_PlaygroundUITests.framework in Frameworks */,
			);
			runOnlyForDeploymentPostprocessing = 0;
		};
/* End PBXFrameworksBuildPhase section */

/* Begin PBXGroup section */
		0F6EFBE8D09A6B63CE8C5E61 /* Pods */ = {
			isa = PBXGroup;
			children = (
				04AE1B18EA887CFBEC331008 /* Pods-Playground.debug.xcconfig */,
				71BE5DDD6174E025F8DFE3B3 /* Pods-Playground.release.xcconfig */,
				7CDBA0931051740378A053A7 /* Pods-PlaygroundTests.debug.xcconfig */,
				A7C3D9699915AB8DDE94DD21 /* Pods-PlaygroundTests.release.xcconfig */,
				49CD6BD1CE116EDCC029BF37 /* Pods-PlaygroundUITests.debug.xcconfig */,
				74EBA4CE673843794BD31592 /* Pods-PlaygroundUITests.release.xcconfig */,
			);
			name = Pods;
			sourceTree = "<group>";
		};
		626C9C9134835934E20A7618 /* Frameworks */ = {
			isa = PBXGroup;
			children = (
				B463A97539606689CF1436E2 /* Pods_Playground.framework */,
				CDB71D6574BC03FB42F9DBAB /* Pods_PlaygroundTests.framework */,
				89808135EC8F955432F697FB /* Pods_PlaygroundUITests.framework */,
			);
			name = Frameworks;
			sourceTree = "<group>";
		};
		B627AEF51F1AF8FC0096384B /* CircularTransition */ = {
			isa = PBXGroup;
			children = (
				B627AEF81F1AF9720096384B /* CTSourceController.swift */,
				B627AEFA1F1AFB800096384B /* CTTargetController.swift */,
				B627AEFC1F1AFB940096384B /* CircularTransition.swift */,
			);
			name = CircularTransition;
			sourceTree = "<group>";
		};
		B69916D01F1AF25400B18D6B = {
			isa = PBXGroup;
			children = (
				B69916DB1F1AF25400B18D6B /* Playground */,
				B69916F01F1AF25400B18D6B /* PlaygroundTests */,
				B69916FB1F1AF25400B18D6B /* PlaygroundUITests */,
				B69916DA1F1AF25400B18D6B /* Products */,
				0F6EFBE8D09A6B63CE8C5E61 /* Pods */,
				626C9C9134835934E20A7618 /* Frameworks */,
			);
			sourceTree = "<group>";
		};
		B69916DA1F1AF25400B18D6B /* Products */ = {
			isa = PBXGroup;
			children = (
				B69916D91F1AF25400B18D6B /* Playground.app */,
				B69916ED1F1AF25400B18D6B /* PlaygroundTests.xctest */,
				B69916F81F1AF25400B18D6B /* PlaygroundUITests.xctest */,
			);
			name = Products;
			sourceTree = "<group>";
		};
		B69916DB1F1AF25400B18D6B /* Playground */ = {
			isa = PBXGroup;
			children = (
				B69916DC1F1AF25400B18D6B /* AppDelegate.swift */,
				B6AC81741F1AF3E200C35351 /* HomeController.swift */,
				B627AEF51F1AF8FC0096384B /* CircularTransition */,
				B6A4B9521F1B5CE20055BE5B /* SpeechToText */,
				B6DF5B851F1F8F7D007E1BD5 /* Barcode */,
				B69916E31F1AF25400B18D6B /* Assets.xcassets */,
				B69916E51F1AF25400B18D6B /* LaunchScreen.storyboard */,
				B69916E81F1AF25400B18D6B /* Info.plist */,
			);
			path = Playground;
			sourceTree = "<group>";
		};
		B69916F01F1AF25400B18D6B /* PlaygroundTests */ = {
			isa = PBXGroup;
			children = (
				B69916F11F1AF25400B18D6B /* PlaygroundTests.swift */,
				B69916F31F1AF25400B18D6B /* Info.plist */,
			);
			path = PlaygroundTests;
			sourceTree = "<group>";
		};
		B69916FB1F1AF25400B18D6B /* PlaygroundUITests */ = {
			isa = PBXGroup;
			children = (
				B69916FC1F1AF25400B18D6B /* PlaygroundUITests.swift */,
				B69916FE1F1AF25400B18D6B /* Info.plist */,
			);
			path = PlaygroundUITests;
			sourceTree = "<group>";
		};
		B6A4B9521F1B5CE20055BE5B /* SpeechToText */ = {
			isa = PBXGroup;
			children = (
				B6A4B9531F1B5D210055BE5B /* SpeechController.swift */,
			);
			name = SpeechToText;
			sourceTree = "<group>";
		};
		B6DF5B851F1F8F7D007E1BD5 /* Barcode */ = {
			isa = PBXGroup;
			children = (
				B6DF5B861F1F8FB7007E1BD5 /* BarcodeScannerController.swift */,
			);
			name = Barcode;
			sourceTree = "<group>";
		};
/* End PBXGroup section */

/* Begin PBXNativeTarget section */
		B69916D81F1AF25400B18D6B /* Playground */ = {
			isa = PBXNativeTarget;
			buildConfigurationList = B69917011F1AF25400B18D6B /* Build configuration list for PBXNativeTarget "Playground" */;
			buildPhases = (
				CFA2094E934FC055149A483C /* [CP] Check Pods Manifest.lock */,
				B69916D51F1AF25400B18D6B /* Sources */,
				B69916D61F1AF25400B18D6B /* Frameworks */,
				B69916D71F1AF25400B18D6B /* Resources */,
				50FA63CF925C47C10A7D06AA /* [CP] Embed Pods Frameworks */,
				F07ECFA65B445C1FD950D891 /* [CP] Copy Pods Resources */,
			);
			buildRules = (
			);
			dependencies = (
			);
			name = Playground;
			productName = Playground;
			productReference = B69916D91F1AF25400B18D6B /* Playground.app */;
			productType = "com.apple.product-type.application";
		};
		B69916EC1F1AF25400B18D6B /* PlaygroundTests */ = {
			isa = PBXNativeTarget;
			buildConfigurationList = B69917041F1AF25400B18D6B /* Build configuration list for PBXNativeTarget "PlaygroundTests" */;
			buildPhases = (
				63B6CB21FC93A3FB10F797A5 /* [CP] Check Pods Manifest.lock */,
				B69916E91F1AF25400B18D6B /* Sources */,
				B69916EA1F1AF25400B18D6B /* Frameworks */,
				B69916EB1F1AF25400B18D6B /* Resources */,
				3FECBB3CA104FD2B44CBD7E2 /* [CP] Embed Pods Frameworks */,
				6DC75FD9B1E350A9484E4F34 /* [CP] Copy Pods Resources */,
			);
			buildRules = (
			);
			dependencies = (
				B69916EF1F1AF25400B18D6B /* PBXTargetDependency */,
			);
			name = PlaygroundTests;
			productName = PlaygroundTests;
			productReference = B69916ED1F1AF25400B18D6B /* PlaygroundTests.xctest */;
			productType = "com.apple.product-type.bundle.unit-test";
		};
		B69916F71F1AF25400B18D6B /* PlaygroundUITests */ = {
			isa = PBXNativeTarget;
			buildConfigurationList = B69917071F1AF25400B18D6B /* Build configuration list for PBXNativeTarget "PlaygroundUITests" */;
			buildPhases = (
				28C7C6CC51C22009B336FC35 /* [CP] Check Pods Manifest.lock */,
				B69916F41F1AF25400B18D6B /* Sources */,
				B69916F51F1AF25400B18D6B /* Frameworks */,
				B69916F61F1AF25400B18D6B /* Resources */,
				7BC9919688D994A0DDDB2BAB /* [CP] Embed Pods Frameworks */,
				FC15C3F0C7E95E0FAC4ABD56 /* [CP] Copy Pods Resources */,
			);
			buildRules = (
			);
			dependencies = (
				B69916FA1F1AF25400B18D6B /* PBXTargetDependency */,
			);
			name = PlaygroundUITests;
			productName = PlaygroundUITests;
			productReference = B69916F81F1AF25400B18D6B /* PlaygroundUITests.xctest */;
			productType = "com.apple.product-type.bundle.ui-testing";
		};
/* End PBXNativeTarget section */

/* Begin PBXProject section */
		B69916D11F1AF25400B18D6B /* Project object */ = {
			isa = PBXProject;
			attributes = {
				LastSwiftUpdateCheck = 0830;
				LastUpgradeCheck = 0900;
				ORGANIZATIONNAME = "Jack Lai";
				TargetAttributes = {
					B69916D81F1AF25400B18D6B = {
						CreatedOnToolsVersion = 8.3.3;
						DevelopmentTeam = Q82A2F8QX2;
						ProvisioningStyle = Automatic;
					};
					B69916EC1F1AF25400B18D6B = {
						CreatedOnToolsVersion = 8.3.3;
						DevelopmentTeam = Q82A2F8QX2;
						ProvisioningStyle = Automatic;
						TestTargetID = B69916D81F1AF25400B18D6B;
					};
					B69916F71F1AF25400B18D6B = {
						CreatedOnToolsVersion = 8.3.3;
						DevelopmentTeam = Q82A2F8QX2;
						ProvisioningStyle = Automatic;
						TestTargetID = B69916D81F1AF25400B18D6B;
					};
				};
			};
			buildConfigurationList = B69916D41F1AF25400B18D6B /* Build configuration list for PBXProject "Playground" */;
			compatibilityVersion = "Xcode 3.2";
			developmentRegion = English;
			hasScannedForEncodings = 0;
			knownRegions = (
				en,
				Base,
			);
			mainGroup = B69916D01F1AF25400B18D6B;
			productRefGroup = B69916DA1F1AF25400B18D6B /* Products */;
			projectDirPath = "";
			projectRoot = "";
			targets = (
				B69916D81F1AF25400B18D6B /* Playground */,
				B69916EC1F1AF25400B18D6B /* PlaygroundTests */,
				B69916F71F1AF25400B18D6B /* PlaygroundUITests */,
			);
		};
/* End PBXProject section */

/* Begin PBXResourcesBuildPhase section */
		B69916D71F1AF25400B18D6B /* Resources */ = {
			isa = PBXResourcesBuildPhase;
			buildActionMask = 2147483647;
			files = (
				B69916E71F1AF25400B18D6B /* LaunchScreen.storyboard in Resources */,
				B69916E41F1AF25400B18D6B /* Assets.xcassets in Resources */,
			);
			runOnlyForDeploymentPostprocessing = 0;
		};
		B69916EB1F1AF25400B18D6B /* Resources */ = {
			isa = PBXResourcesBuildPhase;
			buildActionMask = 2147483647;
			files = (
			);
			runOnlyForDeploymentPostprocessing = 0;
		};
		B69916F61F1AF25400B18D6B /* Resources */ = {
			isa = PBXResourcesBuildPhase;
			buildActionMask = 2147483647;
			files = (
			);
			runOnlyForDeploymentPostprocessing = 0;
		};
/* End PBXResourcesBuildPhase section */

/* Begin PBXShellScriptBuildPhase section */
		28C7C6CC51C22009B336FC35 /* [CP] Check Pods Manifest.lock */ = {
			isa = PBXShellScriptBuildPhase;
			buildActionMask = 2147483647;
			files = (
			);
			inputPaths = (
			);
			name = "[CP] Check Pods Manifest.lock";
			outputPaths = (
			);
			runOnlyForDeploymentPostprocessing = 0;
			shellPath = /bin/sh;
			shellScript = "diff \"${PODS_PODFILE_DIR_PATH}/Podfile.lock\" \"${PODS_ROOT}/Manifest.lock\" > /dev/null\nif [ $? != 0 ] ; then\n    # print error to STDERR\n    echo \"error: The sandbox is not in sync with the Podfile.lock. Run 'pod install' or update your CocoaPods installation.\" >&2\n    exit 1\nfi\n";
			showEnvVarsInLog = 0;
		};
		3FECBB3CA104FD2B44CBD7E2 /* [CP] Embed Pods Frameworks */ = {
			isa = PBXShellScriptBuildPhase;
			buildActionMask = 2147483647;
			files = (
			);
			inputPaths = (
			);
			name = "[CP] Embed Pods Frameworks";
			outputPaths = (
			);
			runOnlyForDeploymentPostprocessing = 0;
			shellPath = /bin/sh;
			shellScript = "\"${SRCROOT}/Pods/Target Support Files/Pods-PlaygroundTests/Pods-PlaygroundTests-frameworks.sh\"\n";
			showEnvVarsInLog = 0;
		};
		50FA63CF925C47C10A7D06AA /* [CP] Embed Pods Frameworks */ = {
			isa = PBXShellScriptBuildPhase;
			buildActionMask = 2147483647;
			files = (
			);
			inputPaths = (
			);
			name = "[CP] Embed Pods Frameworks";
			outputPaths = (
			);
			runOnlyForDeploymentPostprocessing = 0;
			shellPath = /bin/sh;
			shellScript = "\"${SRCROOT}/Pods/Target Support Files/Pods-Playground/Pods-Playground-frameworks.sh\"\n";
			showEnvVarsInLog = 0;
		};
		63B6CB21FC93A3FB10F797A5 /* [CP] Check Pods Manifest.lock */ = {
			isa = PBXShellScriptBuildPhase;
			buildActionMask = 2147483647;
			files = (
			);
			inputPaths = (
			);
			name = "[CP] Check Pods Manifest.lock";
			outputPaths = (
			);
			runOnlyForDeploymentPostprocessing = 0;
			shellPath = /bin/sh;
			shellScript = "diff \"${PODS_PODFILE_DIR_PATH}/Podfile.lock\" \"${PODS_ROOT}/Manifest.lock\" > /dev/null\nif [ $? != 0 ] ; then\n    # print error to STDERR\n    echo \"error: The sandbox is not in sync with the Podfile.lock. Run 'pod install' or update your CocoaPods installation.\" >&2\n    exit 1\nfi\n";
			showEnvVarsInLog = 0;
		};
		6DC75FD9B1E350A9484E4F34 /* [CP] Copy Pods Resources */ = {
			isa = PBXShellScriptBuildPhase;
			buildActionMask = 2147483647;
			files = (
			);
			inputPaths = (
			);
			name = "[CP] Copy Pods Resources";
			outputPaths = (
			);
			runOnlyForDeploymentPostprocessing = 0;
			shellPath = /bin/sh;
			shellScript = "\"${SRCROOT}/Pods/Target Support Files/Pods-PlaygroundTests/Pods-PlaygroundTests-resources.sh\"\n";
			showEnvVarsInLog = 0;
		};
		7BC9919688D994A0DDDB2BAB /* [CP] Embed Pods Frameworks */ = {
			isa = PBXShellScriptBuildPhase;
			buildActionMask = 2147483647;
			files = (
			);
			inputPaths = (
			);
			name = "[CP] Embed Pods Frameworks";
			outputPaths = (
			);
			runOnlyForDeploymentPostprocessing = 0;
			shellPath = /bin/sh;
			shellScript = "\"${SRCROOT}/Pods/Target Support Files/Pods-PlaygroundUITests/Pods-PlaygroundUITests-frameworks.sh\"\n";
			showEnvVarsInLog = 0;
		};
		CFA2094E934FC055149A483C /* [CP] Check Pods Manifest.lock */ = {
			isa = PBXShellScriptBuildPhase;
			buildActionMask = 2147483647;
			files = (
			);
			inputPaths = (
			);
			name = "[CP] Check Pods Manifest.lock";
			outputPaths = (
			);
			runOnlyForDeploymentPostprocessing = 0;
			shellPath = /bin/sh;
			shellScript = "diff \"${PODS_PODFILE_DIR_PATH}/Podfile.lock\" \"${PODS_ROOT}/Manifest.lock\" > /dev/null\nif [ $? != 0 ] ; then\n    # print error to STDERR\n    echo \"error: The sandbox is not in sync with the Podfile.lock. Run 'pod install' or update your CocoaPods installation.\" >&2\n    exit 1\nfi\n";
			showEnvVarsInLog = 0;
		};
		F07ECFA65B445C1FD950D891 /* [CP] Copy Pods Resources */ = {
			isa = PBXShellScriptBuildPhase;
			buildActionMask = 2147483647;
			files = (
			);
			inputPaths = (
			);
			name = "[CP] Copy Pods Resources";
			outputPaths = (
			);
			runOnlyForDeploymentPostprocessing = 0;
			shellPath = /bin/sh;
			shellScript = "\"${SRCROOT}/Pods/Target Support Files/Pods-Playground/Pods-Playground-resources.sh\"\n";
			showEnvVarsInLog = 0;
		};
		FC15C3F0C7E95E0FAC4ABD56 /* [CP] Copy Pods Resources */ = {
			isa = PBXShellScriptBuildPhase;
			buildActionMask = 2147483647;
			files = (
			);
			inputPaths = (
			);
			name = "[CP] Copy Pods Resources";
			outputPaths = (
			);
			runOnlyForDeploymentPostprocessing = 0;
			shellPath = /bin/sh;
			shellScript = "\"${SRCROOT}/Pods/Target Support Files/Pods-PlaygroundUITests/Pods-PlaygroundUITests-resources.sh\"\n";
			showEnvVarsInLog = 0;
		};
/* End PBXShellScriptBuildPhase section */

/* Begin PBXSourcesBuildPhase section */
		B69916D51F1AF25400B18D6B /* Sources */ = {
			isa = PBXSourcesBuildPhase;
			buildActionMask = 2147483647;
			files = (
				B627AEFD1F1AFB940096384B /* CircularTransition.swift in Sources */,
				B6AC81751F1AF3E200C35351 /* HomeController.swift in Sources */,
				B627AEFB1F1AFB800096384B /* CTTargetController.swift in Sources */,
				B69916DD1F1AF25400B18D6B /* AppDelegate.swift in Sources */,
				B627AEF91F1AF9720096384B /* CTSourceController.swift in Sources */,
				B6DF5B871F1F8FB7007E1BD5 /* BarcodeScannerController.swift in Sources */,
				B6A4B9541F1B5D210055BE5B /* SpeechController.swift in Sources */,
			);
			runOnlyForDeploymentPostprocessing = 0;
		};
		B69916E91F1AF25400B18D6B /* Sources */ = {
			isa = PBXSourcesBuildPhase;
			buildActionMask = 2147483647;
			files = (
				B69916F21F1AF25400B18D6B /* PlaygroundTests.swift in Sources */,
			);
			runOnlyForDeploymentPostprocessing = 0;
		};
		B69916F41F1AF25400B18D6B /* Sources */ = {
			isa = PBXSourcesBuildPhase;
			buildActionMask = 2147483647;
			files = (
				B69916FD1F1AF25400B18D6B /* PlaygroundUITests.swift in Sources */,
			);
			runOnlyForDeploymentPostprocessing = 0;
		};
/* End PBXSourcesBuildPhase section */

/* Begin PBXTargetDependency section */
		B69916EF1F1AF25400B18D6B /* PBXTargetDependency */ = {
			isa = PBXTargetDependency;
			target = B69916D81F1AF25400B18D6B /* Playground */;
			targetProxy = B69916EE1F1AF25400B18D6B /* PBXContainerItemProxy */;
		};
		B69916FA1F1AF25400B18D6B /* PBXTargetDependency */ = {
			isa = PBXTargetDependency;
			target = B69916D81F1AF25400B18D6B /* Playground */;
			targetProxy = B69916F91F1AF25400B18D6B /* PBXContainerItemProxy */;
		};
/* End PBXTargetDependency section */

/* Begin PBXVariantGroup section */
		B69916E51F1AF25400B18D6B /* LaunchScreen.storyboard */ = {
			isa = PBXVariantGroup;
			children = (
				B69916E61F1AF25400B18D6B /* Base */,
			);
			name = LaunchScreen.storyboard;
			sourceTree = "<group>";
		};
/* End PBXVariantGroup section */

/* Begin XCBuildConfiguration section */
		B69916FF1F1AF25400B18D6B /* Debug */ = {
			isa = XCBuildConfiguration;
			buildSettings = {
				ALWAYS_SEARCH_USER_PATHS = NO;
				CLANG_ANALYZER_NONNULL = YES;
				CLANG_ANALYZER_NUMBER_OBJECT_CONVERSION = YES_AGGRESSIVE;
				CLANG_CXX_LANGUAGE_STANDARD = "gnu++0x";
				CLANG_CXX_LIBRARY = "libc++";
				CLANG_ENABLE_MODULES = YES;
				CLANG_ENABLE_OBJC_ARC = YES;
				CLANG_WARN_BLOCK_CAPTURE_AUTORELEASING = YES;
				CLANG_WARN_BOOL_CONVERSION = YES;
				CLANG_WARN_COMMA = YES;
				CLANG_WARN_CONSTANT_CONVERSION = YES;
				CLANG_WARN_DIRECT_OBJC_ISA_USAGE = YES_ERROR;
				CLANG_WARN_DOCUMENTATION_COMMENTS = YES;
				CLANG_WARN_EMPTY_BODY = YES;
				CLANG_WARN_ENUM_CONVERSION = YES;
				CLANG_WARN_INFINITE_RECURSION = YES;
				CLANG_WARN_INT_CONVERSION = YES;
				CLANG_WARN_NON_LITERAL_NULL_CONVERSION = YES;
				CLANG_WARN_OBJC_LITERAL_CONVERSION = YES;
				CLANG_WARN_OBJC_ROOT_CLASS = YES_ERROR;
				CLANG_WARN_RANGE_LOOP_ANALYSIS = YES;
				CLANG_WARN_STRICT_PROTOTYPES = YES;
				CLANG_WARN_SUSPICIOUS_MOVE = YES;
				CLANG_WARN_UNREACHABLE_CODE = YES;
				CLANG_WARN__DUPLICATE_METHOD_MATCH = YES;
				"CODE_SIGN_IDENTITY[sdk=iphoneos*]" = "iPhone Developer";
				COPY_PHASE_STRIP = NO;
				DEBUG_INFORMATION_FORMAT = dwarf;
				ENABLE_STRICT_OBJC_MSGSEND = YES;
				ENABLE_TESTABILITY = YES;
				GCC_C_LANGUAGE_STANDARD = gnu99;
				GCC_DYNAMIC_NO_PIC = NO;
				GCC_NO_COMMON_BLOCKS = YES;
				GCC_OPTIMIZATION_LEVEL = 0;
				GCC_PREPROCESSOR_DEFINITIONS = (
					"DEBUG=1",
					"$(inherited)",
				);
				GCC_WARN_64_TO_32_BIT_CONVERSION = YES;
				GCC_WARN_ABOUT_RETURN_TYPE = YES_ERROR;
				GCC_WARN_UNDECLARED_SELECTOR = YES;
				GCC_WARN_UNINITIALIZED_AUTOS = YES_AGGRESSIVE;
				GCC_WARN_UNUSED_FUNCTION = YES;
				GCC_WARN_UNUSED_VARIABLE = YES;
				IPHONEOS_DEPLOYMENT_TARGET = 10.3;
				MTL_ENABLE_DEBUG_INFO = YES;
				ONLY_ACTIVE_ARCH = YES;
				SDKROOT = iphoneos;
				SWIFT_ACTIVE_COMPILATION_CONDITIONS = DEBUG;
				SWIFT_OPTIMIZATION_LEVEL = "-Onone";
				TARGETED_DEVICE_FAMILY = "1,2";
			};
			name = Debug;
		};
		B69917001F1AF25400B18D6B /* Release */ = {
			isa = XCBuildConfiguration;
			buildSettings = {
				ALWAYS_SEARCH_USER_PATHS = NO;
				CLANG_ANALYZER_NONNULL = YES;
				CLANG_ANALYZER_NUMBER_OBJECT_CONVERSION = YES_AGGRESSIVE;
				CLANG_CXX_LANGUAGE_STANDARD = "gnu++0x";
				CLANG_CXX_LIBRARY = "libc++";
				CLANG_ENABLE_MODULES = YES;
				CLANG_ENABLE_OBJC_ARC = YES;
				CLANG_WARN_BLOCK_CAPTURE_AUTORELEASING = YES;
				CLANG_WARN_BOOL_CONVERSION = YES;
				CLANG_WARN_COMMA = YES;
				CLANG_WARN_CONSTANT_CONVERSION = YES;
				CLANG_WARN_DIRECT_OBJC_ISA_USAGE = YES_ERROR;
				CLANG_WARN_DOCUMENTATION_COMMENTS = YES;
				CLANG_WARN_EMPTY_BODY = YES;
				CLANG_WARN_ENUM_CONVERSION = YES;
				CLANG_WARN_INFINITE_RECURSION = YES;
				CLANG_WARN_INT_CONVERSION = YES;
				CLANG_WARN_NON_LITERAL_NULL_CONVERSION = YES;
				CLANG_WARN_OBJC_LITERAL_CONVERSION = YES;
				CLANG_WARN_OBJC_ROOT_CLASS = YES_ERROR;
				CLANG_WARN_RANGE_LOOP_ANALYSIS = YES;
				CLANG_WARN_STRICT_PROTOTYPES = YES;
				CLANG_WARN_SUSPICIOUS_MOVE = YES;
				CLANG_WARN_UNREACHABLE_CODE = YES;
				CLANG_WARN__DUPLICATE_METHOD_MATCH = YES;
				"CODE_SIGN_IDENTITY[sdk=iphoneos*]" = "iPhone Developer";
				COPY_PHASE_STRIP = NO;
				DEBUG_INFORMATION_FORMAT = "dwarf-with-dsym";
				ENABLE_NS_ASSERTIONS = NO;
				ENABLE_STRICT_OBJC_MSGSEND = YES;
				GCC_C_LANGUAGE_STANDARD = gnu99;
				GCC_NO_COMMON_BLOCKS = YES;
				GCC_WARN_64_TO_32_BIT_CONVERSION = YES;
				GCC_WARN_ABOUT_RETURN_TYPE = YES_ERROR;
				GCC_WARN_UNDECLARED_SELECTOR = YES;
				GCC_WARN_UNINITIALIZED_AUTOS = YES_AGGRESSIVE;
				GCC_WARN_UNUSED_FUNCTION = YES;
				GCC_WARN_UNUSED_VARIABLE = YES;
				IPHONEOS_DEPLOYMENT_TARGET = 10.3;
				MTL_ENABLE_DEBUG_INFO = NO;
				SDKROOT = iphoneos;
				SWIFT_OPTIMIZATION_LEVEL = "-Owholemodule";
				TARGETED_DEVICE_FAMILY = "1,2";
				VALIDATE_PRODUCT = YES;
			};
			name = Release;
		};
		B69917021F1AF25400B18D6B /* Debug */ = {
			isa = XCBuildConfiguration;
			baseConfigurationReference = 04AE1B18EA887CFBEC331008 /* Pods-Playground.debug.xcconfig */;
			buildSettings = {
				ASSETCATALOG_COMPILER_APPICON_NAME = AppIcon;
				DEVELOPMENT_TEAM = Q82A2F8QX2;
				INFOPLIST_FILE = Playground/Info.plist;
				LD_RUNPATH_SEARCH_PATHS = "$(inherited) @executable_path/Frameworks";
				PRODUCT_BUNDLE_IDENTIFIER = info.jack.playground;
				PRODUCT_NAME = "$(TARGET_NAME)";
				SWIFT_VERSION = 3.0;
			};
			name = Debug;
		};
		B69917031F1AF25400B18D6B /* Release */ = {
			isa = XCBuildConfiguration;
			baseConfigurationReference = 71BE5DDD6174E025F8DFE3B3 /* Pods-Playground.release.xcconfig */;
			buildSettings = {
				ASSETCATALOG_COMPILER_APPICON_NAME = AppIcon;
				DEVELOPMENT_TEAM = Q82A2F8QX2;
				INFOPLIST_FILE = Playground/Info.plist;
				LD_RUNPATH_SEARCH_PATHS = "$(inherited) @executable_path/Frameworks";
				PRODUCT_BUNDLE_IDENTIFIER = info.jack.playground;
				PRODUCT_NAME = "$(TARGET_NAME)";
				SWIFT_VERSION = 3.0;
			};
			name = Release;
		};
		B69917051F1AF25400B18D6B /* Debug */ = {
			isa = XCBuildConfiguration;
			baseConfigurationReference = 7CDBA0931051740378A053A7 /* Pods-PlaygroundTests.debug.xcconfig */;
			buildSettings = {
				ALWAYS_EMBED_SWIFT_STANDARD_LIBRARIES = YES;
				BUNDLE_LOADER = "$(TEST_HOST)";
				DEVELOPMENT_TEAM = Q82A2F8QX2;
				INFOPLIST_FILE = PlaygroundTests/Info.plist;
				LD_RUNPATH_SEARCH_PATHS = "$(inherited) @executable_path/Frameworks @loader_path/Frameworks";
				PRODUCT_BUNDLE_IDENTIFIER = tw.jack.PlaygroundTests;
				PRODUCT_NAME = "$(TARGET_NAME)";
				SWIFT_VERSION = 3.0;
				TEST_HOST = "$(BUILT_PRODUCTS_DIR)/Playground.app/Playground";
			};
			name = Debug;
		};
		B69917061F1AF25400B18D6B /* Release */ = {
			isa = XCBuildConfiguration;
			baseConfigurationReference = A7C3D9699915AB8DDE94DD21 /* Pods-PlaygroundTests.release.xcconfig */;
			buildSettings = {
				ALWAYS_EMBED_SWIFT_STANDARD_LIBRARIES = YES;
				BUNDLE_LOADER = "$(TEST_HOST)";
				DEVELOPMENT_TEAM = Q82A2F8QX2;
				INFOPLIST_FILE = PlaygroundTests/Info.plist;
				LD_RUNPATH_SEARCH_PATHS = "$(inherited) @executable_path/Frameworks @loader_path/Frameworks";
				PRODUCT_BUNDLE_IDENTIFIER = tw.jack.PlaygroundTests;
				PRODUCT_NAME = "$(TARGET_NAME)";
				SWIFT_VERSION = 3.0;
				TEST_HOST = "$(BUILT_PRODUCTS_DIR)/Playground.app/Playground";
			};
			name = Release;
		};
		B69917081F1AF25400B18D6B /* Debug */ = {
			isa = XCBuildConfiguration;
			baseConfigurationReference = 49CD6BD1CE116EDCC029BF37 /* Pods-PlaygroundUITests.debug.xcconfig */;
			buildSettings = {
				ALWAYS_EMBED_SWIFT_STANDARD_LIBRARIES = YES;
				DEVELOPMENT_TEAM = Q82A2F8QX2;
				INFOPLIST_FILE = PlaygroundUITests/Info.plist;
				LD_RUNPATH_SEARCH_PATHS = "$(inherited) @executable_path/Frameworks @loader_path/Frameworks";
				PRODUCT_BUNDLE_IDENTIFIER = tw.jack.PlaygroundUITests;
				PRODUCT_NAME = "$(TARGET_NAME)";
				SWIFT_VERSION = 3.0;
				TEST_TARGET_NAME = Playground;
			};
			name = Debug;
		};
		B69917091F1AF25400B18D6B /* Release */ = {
			isa = XCBuildConfiguration;
			baseConfigurationReference = 74EBA4CE673843794BD31592 /* Pods-PlaygroundUITests.release.xcconfig */;
			buildSettings = {
				ALWAYS_EMBED_SWIFT_STANDARD_LIBRARIES = YES;
				DEVELOPMENT_TEAM = Q82A2F8QX2;
				INFOPLIST_FILE = PlaygroundUITests/Info.plist;
				LD_RUNPATH_SEARCH_PATHS = "$(inherited) @executable_path/Frameworks @loader_path/Frameworks";
				PRODUCT_BUNDLE_IDENTIFIER = tw.jack.PlaygroundUITests;
				PRODUCT_NAME = "$(TARGET_NAME)";
				SWIFT_VERSION = 3.0;
				TEST_TARGET_NAME = Playground;
			};
			name = Release;
		};
/* End XCBuildConfiguration section */

/* Begin XCConfigurationList section */
		B69916D41F1AF25400B18D6B /* Build configuration list for PBXProject "Playground" */ = {
			isa = XCConfigurationList;
			buildConfigurations = (
				B69916FF1F1AF25400B18D6B /* Debug */,
				B69917001F1AF25400B18D6B /* Release */,
			);
			defaultConfigurationIsVisible = 0;
			defaultConfigurationName = Release;
		};
		B69917011F1AF25400B18D6B /* Build configuration list for PBXNativeTarget "Playground" */ = {
			isa = XCConfigurationList;
			buildConfigurations = (
				B69917021F1AF25400B18D6B /* Debug */,
				B69917031F1AF25400B18D6B /* Release */,
			);
			defaultConfigurationIsVisible = 0;
			defaultConfigurationName = Release;
		};
		B69917041F1AF25400B18D6B /* Build configuration list for PBXNativeTarget "PlaygroundTests" */ = {
			isa = XCConfigurationList;
			buildConfigurations = (
				B69917051F1AF25400B18D6B /* Debug */,
				B69917061F1AF25400B18D6B /* Release */,
			);
			defaultConfigurationIsVisible = 0;
			defaultConfigurationName = Release;
		};
		B69917071F1AF25400B18D6B /* Build configuration list for PBXNativeTarget "PlaygroundUITests" */ = {
			isa = XCConfigurationList;
			buildConfigurations = (
				B69917081F1AF25400B18D6B /* Debug */,
				B69917091F1AF25400B18D6B /* Release */,
			);
			defaultConfigurationIsVisible = 0;
			defaultConfigurationName = Release;
		};
/* End XCConfigurationList section */
	};
	rootObject = B69916D11F1AF25400B18D6B /* Project object */;
}
